
Microsoft Visual Studio Solution File, Format Version 12.00
# Visual Studio Version 16
VisualStudioVersion = 16.0.30517.126
MinimumVisualStudioVersion = 10.0.40219.1
Project("{FAE04EC0-301F-11D3-BF4B-00C04F79EFBC}") = "APIEventos", "APIEventos\APIEventos.csproj", "{72E234AE-F108-4C2B-92E6-E15A3AC68D59}"
EndProject
Project("{FAE04EC0-301F-11D3-BF4B-00C04F79EFBC}") = "ModeloClases", "ModeloClases\ModeloClases.csproj", "{1F7A5E33-C444-478F-A53A-1C8EDC096949}"
EndProject
Project("{FAE04EC0-301F-11D3-BF4B-00C04F79EFBC}") = "UI", "UI\UI.csproj", "{3FC1D5B1-07AD-4872-A0D0-8229818FC89B}"
EndProject
Global
	GlobalSection(SolutionConfigurationPlatforms) = preSolution
		Debug|Any CPU = Debug|Any CPU
		Release|Any CPU = Release|Any CPU
	EndGlobalSection
	GlobalSection(ProjectConfigurationPlatforms) = postSolution
		{72E234AE-F108-4C2B-92E6-E15A3AC68D59}.Debug|Any CPU.ActiveCfg = Debug|Any CPU
		{72E234AE-F108-4C2B-92E6-E15A3AC68D59}.Debug|Any CPU.Build.0 = Debug|Any CPU
		{72E234AE-F108-4C2B-92E6-E15A3AC68D59}.Release|Any CPU.ActiveCfg = Release|Any CPU
		{72E234AE-F108-4C2B-92E6-E15A3AC68D59}.Release|Any CPU.Build.0 = Release|Any CPU
		{1F7A5E33-C444-478F-A53A-1C8EDC096949}.Debug|Any CPU.ActiveCfg = Debug|Any CPU
		{1F7A5E33-C444-478F-A53A-1C8EDC096949}.Debug|Any CPU.Build.0 = Debug|Any CPU
		{1F7A5E33-C444-478F-A53A-1C8EDC096949}.Release|Any CPU.ActiveCfg = Release|Any CPU
		{1F7A5E33-C444-478F-A53A-1C8EDC096949}.Release|Any CPU.Build.0 = Release|Any CPU
		{3FC1D5B1-07AD-4872-A0D0-8229818FC89B}.Debug|Any CPU.ActiveCfg = Debug|Any CPU
		{3FC1D5B1-07AD-4872-A0D0-8229818FC89B}.Debug|Any CPU.Build.0 = Debug|Any CPU
		{3FC1D5B1-07AD-4872-A0D0-8229818FC89B}.Release|Any CPU.ActiveCfg = Release|Any CPU
		{3FC1D5B1-07AD-4872-A0D0-8229818FC89B}.Release|Any CPU.Build.0 = Release|Any CPU
	EndGlobalSection
	GlobalSection(SolutionProperties) = preSolution
		HideSolutionNode = FALSE
	EndGlobalSection
	GlobalSection(ExtensibilityGlobals) = postSolution
		SolutionGuid = {DA7A1C05-3DC8-4E54-BE2B-09AB5E077F41}
	EndGlobalSection
EndGlobal
